
Microsoft Visual Studio Solution File, Format Version 12.00
# Visual Studio 15
Project("{FAE04EC0-301F-11D3-BF4B-00C04F79EFBC}") = "Game", "Game.csproj", "{3CF33F32-0CEE-1F27-F41B-9D9C55D92172}"
EndProject
Project("{FAE04EC0-301F-11D3-BF4B-00C04F79EFBC}") = "Tests", "Tests.csproj", "{547B9241-BA56-B8F0-FE32-A94DF7ADB8FB}"
EndProject
Global
	GlobalSection(SolutionConfigurationPlatforms) = preSolution
		Debug|Any CPU = Debug|Any CPU
		Release|Any CPU = Release|Any CPU
	EndGlobalSection
	GlobalSection(ProjectConfigurationPlatforms) = postSolution
		{3CF33F32-0CEE-1F27-F41B-9D9C55D92172}.Debug|Any CPU.ActiveCfg = Debug|Any CPU
		{3CF33F32-0CEE-1F27-F41B-9D9C55D92172}.Debug|Any CPU.Build.0 = Debug|Any CPU
		{3CF33F32-0CEE-1F27-F41B-9D9C55D92172}.Release|Any CPU.ActiveCfg = Release|Any CPU
		{3CF33F32-0CEE-1F27-F41B-9D9C55D92172}.Release|Any CPU.Build.0 = Release|Any CPU
		{547B9241-BA56-B8F0-FE32-A94DF7ADB8FB}.Debug|Any CPU.ActiveCfg = Debug|Any CPU
		{547B9241-BA56-B8F0-FE32-A94DF7ADB8FB}.Debug|Any CPU.Build.0 = Debug|Any CPU
		{547B9241-BA56-B8F0-FE32-A94DF7ADB8FB}.Release|Any CPU.ActiveCfg = Release|Any CPU
		{547B9241-BA56-B8F0-FE32-A94DF7ADB8FB}.Release|Any CPU.Build.0 = Release|Any CPU
	EndGlobalSection
	GlobalSection(SolutionProperties) = preSolution
		HideSolutionNode = FALSE
	EndGlobalSection
EndGlobal
